PODS:
  - Differentiator (3.0.2)
  - PINCache (3.0.1-beta.5):
    - PINCache/Arc-exception-safe (= 3.0.1-beta.5)
    - PINCache/Core (= 3.0.1-beta.5)
  - PINCache/Arc-exception-safe (3.0.1-beta.5):
    - PINCache/Core
  - PINCache/Core (3.0.1-beta.5):
    - PINOperation (= 1.0.3)
  - PINOperation (1.0.3)
  - PINRemoteImage/Core (3.0.0-beta.12):
    - PINOperation
  - PINRemoteImage/iOS (3.0.0-beta.12):
    - PINRemoteImage/Core
  - PINRemoteImage/PINCache (3.0.0-beta.12):
    - PINCache (= 3.0.1-beta.5)
    - PINRemoteImage/Core
  - RxCocoa (6.1.0):
    - RxRelay (= 6.1.0)
    - RxSwift (= 6.1.0)
  - RxRelay (6.1.0):
    - RxSwift (= 6.1.0)
  - RxSwift (6.1.0)
  - Texture (2.5.1):
    - Texture/PINRemoteImage (= 2.5.1)
  - Texture/Core (2.5.1)
  - Texture/PINRemoteImage (2.5.1):
    - PINRemoteImage/iOS (= 3.0.0-beta.12)
    - PINRemoteImage/PINCache
    - Texture/Core

DEPENDENCIES:
  - Differentiator
  - RxCocoa (~> 6.0)
  - RxSwift (~> 6.0)
  - Texture

SPEC REPOS:
  trunk:
    - Differentiator
    - PINCache
    - PINOperation
    - PINRemoteImage
    - RxCocoa
    - RxRelay
    - RxSwift
    - Texture

SPEC CHECKSUMS:
  Differentiator: a87be69eba49ec4ab460c7671143ee3a9eececfd
  PINCache: 98e7b1ef782824ad231ade51987c218b758c30d8
  PINOperation: ac23db44796d4a564ecf9b5ea7163510f579b71d
  PINRemoteImage: 0cefe720c2612960bd360710efbd6c73a1991d5f
  RxCocoa: 5c51f02d562cbd94629f6c26cf0c80fe4ab8d343
  RxRelay: 483e1a19fad961b41f0b0c0bee506f46c1ae14fe
  RxSwift: a834e5c538e89eca0cae86f403f4fbf0336786ce
  Texture: c3f06e344aa091667b7a56002e525cde674d021a

PODFILE CHECKSUM: 757efb1cf9039a8744ad9bb930b8eacce91a0a69

COCOAPODS: 1.10.1
